
Microsoft Visual Studio Solution File, Format Version 12.00
# Visual Studio Version 17
VisualStudioVersion = 17.0.31903.59
MinimumVisualStudioVersion = 10.0.40219.1
Project("{2150E333-8FDC-42A3-9474-1A3956D46DE8}") = "src", "src", "{827E0CD3-B72D-47B6-A68D-7590B98EB39B}"
EndProject
Project("{FAE04EC0-301F-11D3-BF4B-00C04F79EFBC}") = "SportsData.Bootstrapper", "src\SportsData.Bootstrapper\SportsData.Bootstrapper.csproj", "{75EABD15-96F9-4012-9F49-C76294C5FDD8}"
EndProject
Project("{2150E333-8FDC-42A3-9474-1A3956D46DE8}") = "Shared", "Shared", "{C8E42992-5E42-0C2B-DBFE-AA848D06431C}"
EndProject
Project("{FAE04EC0-301F-11D3-BF4B-00C04F79EFBC}") = "SportsData.Shared", "src\Shared\SportsData.Shared\SportsData.Shared.csproj", "{F789F3C6-504B-4231-BC71-D826B7F196B9}"
EndProject
Project("{2150E333-8FDC-42A3-9474-1A3956D46DE8}") = "Modules", "Modules", "{EC447DCF-ABFA-6E24-52A5-D7FD48A5C558}"
EndProject
Project("{2150E333-8FDC-42A3-9474-1A3956D46DE8}") = "Competitions", "Competitions", "{CC3CEE35-D458-9EF3-A57A-520034201555}"
EndProject
Project("{FAE04EC0-301F-11D3-BF4B-00C04F79EFBC}") = "SportsData.Modules.Competitions", "src\Modules\Competitions\SportsData.Modules.Competitions.csproj", "{7AAB5546-5E5A-4F99-8C7A-2276541CA350}"
EndProject
Project("{2150E333-8FDC-42A3-9474-1A3956D46DE8}") = "Matches", "Matches", "{C87C4E37-5E19-C52A-E479-4C897DF6992B}"
EndProject
Project("{FAE04EC0-301F-11D3-BF4B-00C04F79EFBC}") = "SportsData.Modules.Matches", "src\Modules\Matches\SportsData.Modules.Matches.csproj", "{EC5508CE-79E4-4526-BF02-5EE6E7A662B0}"
EndProject
Project("{2150E333-8FDC-42A3-9474-1A3956D46DE8}") = "DataProcessing", "DataProcessing", "{A4993497-E65C-5B91-99B0-4763393EA7DC}"
EndProject
Project("{FAE04EC0-301F-11D3-BF4B-00C04F79EFBC}") = "SportsData.Modules.DataProcessing", "src\Modules\DataProcessing\SportsData.Modules.DataProcessing.csproj", "{6114E456-8FDA-49C3-8C23-243624BBB06C}"
EndProject
Project("{2150E333-8FDC-42A3-9474-1A3956D46DE8}") = "ApiKeys", "ApiKeys", "{B8D4F5E7-9A2C-4D3E-8F1A-5C6B7D8E9F0A}"
EndProject
Project("{FAE04EC0-301F-11D3-BF4B-00C04F79EFBC}") = "SportsData.Modules.ApiKeys", "src\Modules\ApiKeys\SportsData.Modules.ApiKeys.csproj", "{C9E5F6D8-0B3D-4E4F-9A2B-6D7C8E9F0B1C}"
EndProject
Project("{2150E333-8FDC-42A3-9474-1A3956D46DE8}") = "Docker", "Docker", "{02EA681E-C7D8-13C7-8484-4AC65E1B71E8}"
	ProjectSection(SolutionItems) = preProject
		.dockerignore = .dockerignore
		Dockerfile = Dockerfile
	EndProjectSection
EndProject
Global
	GlobalSection(SolutionConfigurationPlatforms) = preSolution
		Debug|Any CPU = Debug|Any CPU
		Debug|x64 = Debug|x64
		Debug|x86 = Debug|x86
		Release|Any CPU = Release|Any CPU
		Release|x64 = Release|x64
		Release|x86 = Release|x86
	EndGlobalSection
	GlobalSection(ProjectConfigurationPlatforms) = postSolution
		{75EABD15-96F9-4012-9F49-C76294C5FDD8}.Debug|Any CPU.ActiveCfg = Debug|Any CPU
		{75EABD15-96F9-4012-9F49-C76294C5FDD8}.Debug|Any CPU.Build.0 = Debug|Any CPU
		{75EABD15-96F9-4012-9F49-C76294C5FDD8}.Debug|x64.ActiveCfg = Debug|Any CPU
		{75EABD15-96F9-4012-9F49-C76294C5FDD8}.Debug|x64.Build.0 = Debug|Any CPU
		{75EABD15-96F9-4012-9F49-C76294C5FDD8}.Debug|x86.ActiveCfg = Debug|Any CPU
		{75EABD15-96F9-4012-9F49-C76294C5FDD8}.Debug|x86.Build.0 = Debug|Any CPU
		{75EABD15-96F9-4012-9F49-C76294C5FDD8}.Release|Any CPU.ActiveCfg = Release|Any CPU
		{75EABD15-96F9-4012-9F49-C76294C5FDD8}.Release|Any CPU.Build.0 = Release|Any CPU
		{75EABD15-96F9-4012-9F49-C76294C5FDD8}.Release|x64.ActiveCfg = Release|Any CPU
		{75EABD15-96F9-4012-9F49-C76294C5FDD8}.Release|x64.Build.0 = Release|Any CPU
		{75EABD15-96F9-4012-9F49-C76294C5FDD8}.Release|x86.ActiveCfg = Release|Any CPU
		{75EABD15-96F9-4012-9F49-C76294C5FDD8}.Release|x86.Build.0 = Release|Any CPU
		{F789F3C6-504B-4231-BC71-D826B7F196B9}.Debug|Any CPU.ActiveCfg = Debug|Any CPU
		{F789F3C6-504B-4231-BC71-D826B7F196B9}.Debug|Any CPU.Build.0 = Debug|Any CPU
		{F789F3C6-504B-4231-BC71-D826B7F196B9}.Debug|x64.ActiveCfg = Debug|Any CPU
		{F789F3C6-504B-4231-BC71-D826B7F196B9}.Debug|x64.Build.0 = Debug|Any CPU
		{F789F3C6-504B-4231-BC71-D826B7F196B9}.Debug|x86.ActiveCfg = Debug|Any CPU
		{F789F3C6-504B-4231-BC71-D826B7F196B9}.Debug|x86.Build.0 = Debug|Any CPU
		{F789F3C6-504B-4231-BC71-D826B7F196B9}.Release|Any CPU.ActiveCfg = Release|Any CPU
		{F789F3C6-504B-4231-BC71-D826B7F196B9}.Release|Any CPU.Build.0 = Release|Any CPU
		{F789F3C6-504B-4231-BC71-D826B7F196B9}.Release|x64.ActiveCfg = Release|Any CPU
		{F789F3C6-504B-4231-BC71-D826B7F196B9}.Release|x64.Build.0 = Release|Any CPU
		{F789F3C6-504B-4231-BC71-D826B7F196B9}.Release|x86.ActiveCfg = Release|Any CPU
		{F789F3C6-504B-4231-BC71-D826B7F196B9}.Release|x86.Build.0 = Release|Any CPU
		{7AAB5546-5E5A-4F99-8C7A-2276541CA350}.Debug|Any CPU.ActiveCfg = Debug|Any CPU
		{7AAB5546-5E5A-4F99-8C7A-2276541CA350}.Debug|Any CPU.Build.0 = Debug|Any CPU
		{7AAB5546-5E5A-4F99-8C7A-2276541CA350}.Debug|x64.ActiveCfg = Debug|Any CPU
		{7AAB5546-5E5A-4F99-8C7A-2276541CA350}.Debug|x64.Build.0 = Debug|Any CPU
		{7AAB5546-5E5A-4F99-8C7A-2276541CA350}.Debug|x86.ActiveCfg = Debug|Any CPU
		{7AAB5546-5E5A-4F99-8C7A-2276541CA350}.Debug|x86.Build.0 = Debug|Any CPU
		{7AAB5546-5E5A-4F99-8C7A-2276541CA350}.Release|Any CPU.ActiveCfg = Release|Any CPU
		{7AAB5546-5E5A-4F99-8C7A-2276541CA350}.Release|Any CPU.Build.0 = Release|Any CPU
		{7AAB5546-5E5A-4F99-8C7A-2276541CA350}.Release|x64.ActiveCfg = Release|Any CPU
		{7AAB5546-5E5A-4F99-8C7A-2276541CA350}.Release|x64.Build.0 = Release|Any CPU
		{7AAB5546-5E5A-4F99-8C7A-2276541CA350}.Release|x86.ActiveCfg = Release|Any CPU
		{7AAB5546-5E5A-4F99-8C7A-2276541CA350}.Release|x86.Build.0 = Release|Any CPU
		{EC5508CE-79E4-4526-BF02-5EE6E7A662B0}.Debug|Any CPU.ActiveCfg = Debug|Any CPU
		{EC5508CE-79E4-4526-BF02-5EE6E7A662B0}.Debug|Any CPU.Build.0 = Debug|Any CPU
		{EC5508CE-79E4-4526-BF02-5EE6E7A662B0}.Debug|x64.ActiveCfg = Debug|Any CPU
		{EC5508CE-79E4-4526-BF02-5EE6E7A662B0}.Debug|x64.Build.0 = Debug|Any CPU
		{EC5508CE-79E4-4526-BF02-5EE6E7A662B0}.Debug|x86.ActiveCfg = Debug|Any CPU
		{EC5508CE-79E4-4526-BF02-5EE6E7A662B0}.Debug|x86.Build.0 = Debug|Any CPU
		{EC5508CE-79E4-4526-BF02-5EE6E7A662B0}.Release|Any CPU.ActiveCfg = Release|Any CPU
		{EC5508CE-79E4-4526-BF02-5EE6E7A662B0}.Release|Any CPU.Build.0 = Release|Any CPU
		{EC5508CE-79E4-4526-BF02-5EE6E7A662B0}.Release|x64.ActiveCfg = Release|Any CPU
		{EC5508CE-79E4-4526-BF02-5EE6E7A662B0}.Release|x64.Build.0 = Release|Any CPU
		{EC5508CE-79E4-4526-BF02-5EE6E7A662B0}.Release|x86.ActiveCfg = Release|Any CPU
		{EC5508CE-79E4-4526-BF02-5EE6E7A662B0}.Release|x86.Build.0 = Release|Any CPU
		{6114E456-8FDA-49C3-8C23-243624BBB06C}.Debug|Any CPU.ActiveCfg = Debug|Any CPU
		{6114E456-8FDA-49C3-8C23-243624BBB06C}.Debug|Any CPU.Build.0 = Debug|Any CPU
		{6114E456-8FDA-49C3-8C23-243624BBB06C}.Debug|x64.ActiveCfg = Debug|Any CPU
		{6114E456-8FDA-49C3-8C23-243624BBB06C}.Debug|x64.Build.0 = Debug|Any CPU
		{6114E456-8FDA-49C3-8C23-243624BBB06C}.Debug|x86.ActiveCfg = Debug|Any CPU
		{6114E456-8FDA-49C3-8C23-243624BBB06C}.Debug|x86.Build.0 = Debug|Any CPU
		{6114E456-8FDA-49C3-8C23-243624BBB06C}.Release|Any CPU.ActiveCfg = Release|Any CPU
		{6114E456-8FDA-49C3-8C23-243624BBB06C}.Release|Any CPU.Build.0 = Release|Any CPU
		{6114E456-8FDA-49C3-8C23-243624BBB06C}.Release|x64.ActiveCfg = Release|Any CPU
		{6114E456-8FDA-49C3-8C23-243624BBB06C}.Release|x64.Build.0 = Release|Any CPU
		{6114E456-8FDA-49C3-8C23-243624BBB06C}.Release|x86.ActiveCfg = Release|Any CPU
		{6114E456-8FDA-49C3-8C23-243624BBB06C}.Release|x86.Build.0 = Release|Any CPU
		{C9E5F6D8-0B3D-4E4F-9A2B-6D7C8E9F0B1C}.Debug|Any CPU.ActiveCfg = Debug|Any CPU
		{C9E5F6D8-0B3D-4E4F-9A2B-6D7C8E9F0B1C}.Debug|Any CPU.Build.0 = Debug|Any CPU
		{C9E5F6D8-0B3D-4E4F-9A2B-6D7C8E9F0B1C}.Debug|x64.ActiveCfg = Debug|Any CPU
		{C9E5F6D8-0B3D-4E4F-9A2B-6D7C8E9F0B1C}.Debug|x64.Build.0 = Debug|Any CPU
		{C9E5F6D8-0B3D-4E4F-9A2B-6D7C8E9F0B1C}.Debug|x86.ActiveCfg = Debug|Any CPU
		{C9E5F6D8-0B3D-4E4F-9A2B-6D7C8E9F0B1C}.Debug|x86.Build.0 = Debug|Any CPU
		{C9E5F6D8-0B3D-4E4F-9A2B-6D7C8E9F0B1C}.Release|Any CPU.ActiveCfg = Release|Any CPU
		{C9E5F6D8-0B3D-4E4F-9A2B-6D7C8E9F0B1C}.Release|Any CPU.Build.0 = Release|Any CPU
		{C9E5F6D8-0B3D-4E4F-9A2B-6D7C8E9F0B1C}.Release|x64.ActiveCfg = Release|Any CPU
		{C9E5F6D8-0B3D-4E4F-9A2B-6D7C8E9F0B1C}.Release|x64.Build.0 = Release|Any CPU
		{C9E5F6D8-0B3D-4E4F-9A2B-6D7C8E9F0B1C}.Release|x86.ActiveCfg = Release|Any CPU
		{C9E5F6D8-0B3D-4E4F-9A2B-6D7C8E9F0B1C}.Release|x86.Build.0 = Release|Any CPU
	EndGlobalSection
	GlobalSection(SolutionProperties) = preSolution
		HideSolutionNode = FALSE
	EndGlobalSection
	GlobalSection(NestedProjects) = preSolution
		{75EABD15-96F9-4012-9F49-C76294C5FDD8} = {827E0CD3-B72D-47B6-A68D-7590B98EB39B}
		{C8E42992-5E42-0C2B-DBFE-AA848D06431C} = {827E0CD3-B72D-47B6-A68D-7590B98EB39B}
		{F789F3C6-504B-4231-BC71-D826B7F196B9} = {C8E42992-5E42-0C2B-DBFE-AA848D06431C}
		{EC447DCF-ABFA-6E24-52A5-D7FD48A5C558} = {827E0CD3-B72D-47B6-A68D-7590B98EB39B}
		{CC3CEE35-D458-9EF3-A57A-520034201555} = {EC447DCF-ABFA-6E24-52A5-D7FD48A5C558}
		{7AAB5546-5E5A-4F99-8C7A-2276541CA350} = {CC3CEE35-D458-9EF3-A57A-520034201555}
		{C87C4E37-5E19-C52A-E479-4C897DF6992B} = {EC447DCF-ABFA-6E24-52A5-D7FD48A5C558}
		{EC5508CE-79E4-4526-BF02-5EE6E7A662B0} = {C87C4E37-5E19-C52A-E479-4C897DF6992B}
		{A4993497-E65C-5B91-99B0-4763393EA7DC} = {EC447DCF-ABFA-6E24-52A5-D7FD48A5C558}
		{6114E456-8FDA-49C3-8C23-243624BBB06C} = {A4993497-E65C-5B91-99B0-4763393EA7DC}
		{B8D4F5E7-9A2C-4D3E-8F1A-5C6B7D8E9F0A} = {EC447DCF-ABFA-6E24-52A5-D7FD48A5C558}
		{C9E5F6D8-0B3D-4E4F-9A2B-6D7C8E9F0B1C} = {B8D4F5E7-9A2C-4D3E-8F1A-5C6B7D8E9F0A}
	EndGlobalSection
	GlobalSection(ExtensibilityGlobals) = postSolution
		SolutionGuid = {08EAAE60-EE2F-4B1B-8B9E-628D0750F0FA}
	EndGlobalSection
EndGlobal
